
Microsoft Visual Studio Solution File, Format Version 12.00
Project("{FAE04EC0-301F-11D3-BF4B-00C04F79EFBC}") = "WaterballCollege", "WaterballCollege\WaterballCollege.csproj", "{43ACE45C-CB0D-4F36-A1B9-5F4098DC121D}"
EndProject
Project("{FAE04EC0-301F-11D3-BF4B-00C04F79EFBC}") = "WarmUp", "WarmUp\WarmUp.csproj", "{A59F41AA-7AA9-4C30-991C-2158C6233BA7}"
EndProject
Global
	GlobalSection(SolutionConfigurationPlatforms) = preSolution
		Debug|Any CPU = Debug|Any CPU
		Release|Any CPU = Release|Any CPU
	EndGlobalSection
	GlobalSection(ProjectConfigurationPlatforms) = postSolution
		{43ACE45C-CB0D-4F36-A1B9-5F4098DC121D}.Debug|Any CPU.ActiveCfg = Debug|Any CPU
		{43ACE45C-CB0D-4F36-A1B9-5F4098DC121D}.Debug|Any CPU.Build.0 = Debug|Any CPU
		{43ACE45C-CB0D-4F36-A1B9-5F4098DC121D}.Release|Any CPU.ActiveCfg = Release|Any CPU
		{43ACE45C-CB0D-4F36-A1B9-5F4098DC121D}.Release|Any CPU.Build.0 = Release|Any CPU
		{A59F41AA-7AA9-4C30-991C-2158C6233BA7}.Debug|Any CPU.ActiveCfg = Debug|Any CPU
		{A59F41AA-7AA9-4C30-991C-2158C6233BA7}.Debug|Any CPU.Build.0 = Debug|Any CPU
		{A59F41AA-7AA9-4C30-991C-2158C6233BA7}.Release|Any CPU.ActiveCfg = Release|Any CPU
		{A59F41AA-7AA9-4C30-991C-2158C6233BA7}.Release|Any CPU.Build.0 = Release|Any CPU
	EndGlobalSection
EndGlobal
